
Microsoft Visual Studio Solution File, Format Version 12.00
# Visual Studio Version 17
VisualStudioVersion = 17.11.35327.3
MinimumVisualStudioVersion = 10.0.40219.1
Project("{FAE04EC0-301F-11D3-BF4B-00C04F79EFBC}") = "BLACKHACK", "BLACKHACK\BLACKHACK.csproj", "{9912349D-0B3B-4C35-873E-E6E82243027E}"
EndProject
Global
	GlobalSection(SolutionConfigurationPlatforms) = preSolution
		Debug|Any CPU = Debug|Any CPU
		Release|Any CPU = Release|Any CPU
	EndGlobalSection
	GlobalSection(ProjectConfigurationPlatforms) = postSolution
		{9912349D-0B3B-4C35-873E-E6E82243027E}.Debug|Any CPU.ActiveCfg = Debug|Any CPU
		{9912349D-0B3B-4C35-873E-E6E82243027E}.Debug|Any CPU.Build.0 = Debug|Any CPU
		{9912349D-0B3B-4C35-873E-E6E82243027E}.Release|Any CPU.ActiveCfg = Release|Any CPU
		{9912349D-0B3B-4C35-873E-E6E82243027E}.Release|Any CPU.Build.0 = Release|Any CPU
	EndGlobalSection
	GlobalSection(SolutionProperties) = preSolution
		HideSolutionNode = FALSE
	EndGlobalSection
	GlobalSection(ExtensibilityGlobals) = postSolution
		SolutionGuid = {7EA0D31A-03A1-426E-857B-26287DF4E3EA}
	EndGlobalSection
EndGlobal
